PODS:
  - Alamofire (4.0.1)
  - Kanna (2.0.0)
  - UCSiding (0.2.0):
    - Alamofire (~> 4.0.1)
    - Kanna (~> 2.0.0)

DEPENDENCIES:
  - Alamofire (~> 4.0.1)
  - Kanna (~> 2.0.0)
  - UCSiding (from `../`)

EXTERNAL SOURCES:
  UCSiding:
    :path: "../"

SPEC CHECKSUMS:
  Alamofire: 7682d43245de14874acd142ec137b144aa1dd335
  Kanna: 9a6637f72f5c77fe9c045b1efb2a5bb074754af8
  UCSiding: 106cc011fde5e324bf08042e61541ce8aab9435f

PODFILE CHECKSUM: 3e0f38eb76bc03d88472cf121e271526e78c81f3

COCOAPODS: 1.1.0.beta.1
