PODS:
  - Alamofire (4.0.0)
  - Kanna (1.1.1)
  - UCSiding (0.2.0):
    - Alamofire (~> 4.0.0)
    - Kanna (~> 1.1.1)

DEPENDENCIES:
  - Alamofire (~> 4.0.0)
  - Kanna (~> 1.1.1)
  - UCSiding (from `../`)

EXTERNAL SOURCES:
  UCSiding:
    :path: "../"

SPEC CHECKSUMS:
  Alamofire: fef59f00388f267e52d9b432aa5d93dc97190f14
  Kanna: 9d3118cff609bd21eb374be5be590b544941160f
  UCSiding: 984df1a3dbc1801da1570dc1f8ea5f4024aeab9a

PODFILE CHECKSUM: 19f138a1771d357f38beaf6b54d5efeb9521a9ac

COCOAPODS: 1.1.0.beta.1
